// !$*UTF8*$!
{
	archiveVersion = 1;
	classes = {
	};
	objectVersion = 46;
	objects = {

/* Begin PBXBuildFile section */
		1B8DFF40EA0AD26C632578EE /* libPods-JWAppIconUpdate_Tests.a in Frameworks */ = {isa = PBXBuildFile; fileRef = CD2EA80111824DEDD044EB69 /* libPods-JWAppIconUpdate_Tests.a */; };
		4328AB608B369E83BC19E0CA /* libPods-JWAppIconUpdate_Example.a in Frameworks */ = {isa = PBXBuildFile; fileRef = 88E58429E0AD8DC2CF4561E1 /* libPods-JWAppIconUpdate_Example.a */; };
		6003F58E195388D20070C39A /* Foundation.framework in Frameworks */ = {isa = PBXBuildFile; fileRef = 6003F58D195388D20070C39A /* Foundation.framework */; };
		6003F590195388D20070C39A /* CoreGraphics.framework in Frameworks */ = {isa = PBXBuildFile; fileRef = 6003F58F195388D20070C39A /* CoreGraphics.framework */; };
		6003F592195388D20070C39A /* UIKit.framework in Frameworks */ = {isa = PBXBuildFile; fileRef = 6003F591195388D20070C39A /* UIKit.framework */; };
		6003F598195388D20070C39A /* InfoPlist.strings in Resources */ = {isa = PBXBuildFile; fileRef = 6003F596195388D20070C39A /* InfoPlist.strings */; };
		6003F59A195388D20070C39A /* main.m in Sources */ = {isa = PBXBuildFile; fileRef = 6003F599195388D20070C39A /* main.m */; };
		6003F59E195388D20070C39A /* JWAppDelegate.m in Sources */ = {isa = PBXBuildFile; fileRef = 6003F59D195388D20070C39A /* JWAppDelegate.m */; };
		6003F5A7195388D20070C39A /* JWViewController.m in Sources */ = {isa = PBXBuildFile; fileRef = 6003F5A6195388D20070C39A /* JWViewController.m */; };
		6003F5A9195388D20070C39A /* Images.xcassets in Resources */ = {isa = PBXBuildFile; fileRef = 6003F5A8195388D20070C39A /* Images.xcassets */; };
		6003F5B0195388D20070C39A /* XCTest.framework in Frameworks */ = {isa = PBXBuildFile; fileRef = 6003F5AF195388D20070C39A /* XCTest.framework */; };
		6003F5B1195388D20070C39A /* Foundation.framework in Frameworks */ = {isa = PBXBuildFile; fileRef = 6003F58D195388D20070C39A /* Foundation.framework */; };
		6003F5B2195388D20070C39A /* UIKit.framework in Frameworks */ = {isa = PBXBuildFile; fileRef = 6003F591195388D20070C39A /* UIKit.framework */; };
		6003F5BA195388D20070C39A /* InfoPlist.strings in Resources */ = {isa = PBXBuildFile; fileRef = 6003F5B8195388D20070C39A /* InfoPlist.strings */; };
		6003F5BC195388D20070C39A /* Tests.m in Sources */ = {isa = PBXBuildFile; fileRef = 6003F5BB195388D20070C39A /* Tests.m */; };
		71719F9F1E33DC2100824A3D /* LaunchScreen.storyboard in Resources */ = {isa = PBXBuildFile; fileRef = 71719F9D1E33DC2100824A3D /* LaunchScreen.storyboard */; };
		873B8AEB1B1F5CCA007FD442 /* Main.storyboard in Resources */ = {isa = PBXBuildFile; fileRef = 873B8AEA1B1F5CCA007FD442 /* Main.storyboard */; };
		BAA05AEE20244C1B00480F60 /* 20pt@3x 新年.png in Resources */ = {isa = PBXBuildFile; fileRef = BAA05AE420244C1A00480F60 /* 20pt@3x 新年.png */; };
		BAA05AEF20244C1B00480F60 /* 40pt@3x 新年.png in Resources */ = {isa = PBXBuildFile; fileRef = BAA05AE520244C1A00480F60 /* 40pt@3x 新年.png */; };
		BAA05AF020244C1B00480F60 /* 29pt@1x 新年.png in Resources */ = {isa = PBXBuildFile; fileRef = BAA05AE620244C1A00480F60 /* 29pt@1x 新年.png */; };
		BAA05AF120244C1B00480F60 /* 57pt@2x 新年.png in Resources */ = {isa = PBXBuildFile; fileRef = BAA05AE720244C1A00480F60 /* 57pt@2x 新年.png */; };
		BAA05AF220244C1B00480F60 /* 29pt@2x 新年.png in Resources */ = {isa = PBXBuildFile; fileRef = BAA05AE820244C1A00480F60 /* 29pt@2x 新年.png */; };
		BAA05AF320244C1B00480F60 /* 57pt@1x 新年.png in Resources */ = {isa = PBXBuildFile; fileRef = BAA05AE920244C1A00480F60 /* 57pt@1x 新年.png */; };
		BAA05AF420244C1B00480F60 /* 60pt@3x 新年.png in Resources */ = {isa = PBXBuildFile; fileRef = BAA05AEA20244C1A00480F60 /* 60pt@3x 新年.png */; };
		BAA05AF520244C1B00480F60 /* 29pt@3x 新年.png in Resources */ = {isa = PBXBuildFile; fileRef = BAA05AEB20244C1A00480F60 /* 29pt@3x 新年.png */; };
		BAA05AF620244C1B00480F60 /* 60pt@2x 新年.png in Resources */ = {isa = PBXBuildFile; fileRef = BAA05AEC20244C1A00480F60 /* 60pt@2x 新年.png */; };
		BAA05AF720244C1B00480F60 /* 20pt@2x 新年.png in Resources */ = {isa = PBXBuildFile; fileRef = BAA05AED20244C1B00480F60 /* 20pt@2x 新年.png */; };
/* End PBXBuildFile section */

/* Begin PBXContainerItemProxy section */
		6003F5B3195388D20070C39A /* PBXContainerItemProxy */ = {
			isa = PBXContainerItemProxy;
			containerPortal = 6003F582195388D10070C39A /* Project object */;
			proxyType = 1;
			remoteGlobalIDString = 6003F589195388D20070C39A;
			remoteInfo = JWAppIconUpdate;
		};
/* End PBXContainerItemProxy section */

/* Begin PBXFileReference section */
		2B8181CB32A98712F3E0851B /* JWAppIconUpdate.podspec */ = {isa = PBXFileReference; includeInIndex = 1; lastKnownFileType = text; name = JWAppIconUpdate.podspec; path = ../JWAppIconUpdate.podspec; sourceTree = "<group>"; };
		33867BE99BE9230DFF905870 /* LICENSE */ = {isa = PBXFileReference; includeInIndex = 1; lastKnownFileType = text; name = LICENSE; path = ../LICENSE; sourceTree = "<group>"; };
		6003F58A195388D20070C39A /* JWAppIconUpdate_Example.app */ = {isa = PBXFileReference; explicitFileType = wrapper.application; includeInIndex = 0; path = JWAppIconUpdate_Example.app; sourceTree = BUILT_PRODUCTS_DIR; };
		6003F58D195388D20070C39A /* Foundation.framework */ = {isa = PBXFileReference; lastKnownFileType = wrapper.framework; name = Foundation.framework; path = System/Library/Frameworks/Foundation.framework; sourceTree = SDKROOT; };
		6003F58F195388D20070C39A /* CoreGraphics.framework */ = {isa = PBXFileReference; lastKnownFileType = wrapper.framework; name = CoreGraphics.framework; path = System/Library/Frameworks/CoreGraphics.framework; sourceTree = SDKROOT; };
		6003F591195388D20070C39A /* UIKit.framework */ = {isa = PBXFileReference; lastKnownFileType = wrapper.framework; name = UIKit.framework; path = System/Library/Frameworks/UIKit.framework; sourceTree = SDKROOT; };
		6003F595195388D20070C39A /* JWAppIconUpdate-Info.plist */ = {isa = PBXFileReference; lastKnownFileType = text.plist.xml; path = "JWAppIconUpdate-Info.plist"; sourceTree = "<group>"; };
		6003F597195388D20070C39A /* en */ = {isa = PBXFileReference; lastKnownFileType = text.plist.strings; name = en; path = en.lproj/InfoPlist.strings; sourceTree = "<group>"; };
		6003F599195388D20070C39A /* main.m */ = {isa = PBXFileReference; lastKnownFileType = sourcecode.c.objc; path = main.m; sourceTree = "<group>"; };
		6003F59B195388D20070C39A /* JWAppIconUpdate-Prefix.pch */ = {isa = PBXFileReference; lastKnownFileType = sourcecode.c.h; path = "JWAppIconUpdate-Prefix.pch"; sourceTree = "<group>"; };
		6003F59C195388D20070C39A /* JWAppDelegate.h */ = {isa = PBXFileReference; lastKnownFileType = sourcecode.c.h; path = JWAppDelegate.h; sourceTree = "<group>"; };
		6003F59D195388D20070C39A /* JWAppDelegate.m */ = {isa = PBXFileReference; lastKnownFileType = sourcecode.c.objc; path = JWAppDelegate.m; sourceTree = "<group>"; };
		6003F5A5195388D20070C39A /* JWViewController.h */ = {isa = PBXFileReference; lastKnownFileType = sourcecode.c.h; path = JWViewController.h; sourceTree = "<group>"; };
		6003F5A6195388D20070C39A /* JWViewController.m */ = {isa = PBXFileReference; lastKnownFileType = sourcecode.c.objc; path = JWViewController.m; sourceTree = "<group>"; };
		6003F5A8195388D20070C39A /* Images.xcassets */ = {isa = PBXFileReference; lastKnownFileType = folder.assetcatalog; path = Images.xcassets; sourceTree = "<group>"; };
		6003F5AE195388D20070C39A /* JWAppIconUpdate_Tests.xctest */ = {isa = PBXFileReference; explicitFileType = wrapper.cfbundle; includeInIndex = 0; path = JWAppIconUpdate_Tests.xctest; sourceTree = BUILT_PRODUCTS_DIR; };
		6003F5AF195388D20070C39A /* XCTest.framework */ = {isa = PBXFileReference; lastKnownFileType = wrapper.framework; name = XCTest.framework; path = Library/Frameworks/XCTest.framework; sourceTree = DEVELOPER_DIR; };
		6003F5B7195388D20070C39A /* Tests-Info.plist */ = {isa = PBXFileReference; lastKnownFileType = text.plist.xml; path = "Tests-Info.plist"; sourceTree = "<group>"; };
		6003F5B9195388D20070C39A /* en */ = {isa = PBXFileReference; lastKnownFileType = text.plist.strings; name = en; path = en.lproj/InfoPlist.strings; sourceTree = "<group>"; };
		6003F5BB195388D20070C39A /* Tests.m */ = {isa = PBXFileReference; lastKnownFileType = sourcecode.c.objc; path = Tests.m; sourceTree = "<group>"; };
		606FC2411953D9B200FFA9A0 /* Tests-Prefix.pch */ = {isa = PBXFileReference; lastKnownFileType = sourcecode.c.h; path = "Tests-Prefix.pch"; sourceTree = "<group>"; };
		6487394E7E4BF2C8E2AC1907 /* Pods-JWAppIconUpdate_Tests.debug.xcconfig */ = {isa = PBXFileReference; includeInIndex = 1; lastKnownFileType = text.xcconfig; name = "Pods-JWAppIconUpdate_Tests.debug.xcconfig"; path = "Pods/Target Support Files/Pods-JWAppIconUpdate_Tests/Pods-JWAppIconUpdate_Tests.debug.xcconfig"; sourceTree = "<group>"; };
		71719F9E1E33DC2100824A3D /* Base */ = {isa = PBXFileReference; lastKnownFileType = file.storyboard; name = Base; path = Base.lproj/LaunchScreen.storyboard; sourceTree = "<group>"; };
		873B8AEA1B1F5CCA007FD442 /* Main.storyboard */ = {isa = PBXFileReference; fileEncoding = 4; lastKnownFileType = file.storyboard; name = Main.storyboard; path = Base.lproj/Main.storyboard; sourceTree = "<group>"; };
		88E58429E0AD8DC2CF4561E1 /* libPods-JWAppIconUpdate_Example.a */ = {isa = PBXFileReference; explicitFileType = archive.ar; includeInIndex = 0; path = "libPods-JWAppIconUpdate_Example.a"; sourceTree = BUILT_PRODUCTS_DIR; };
		948CB30901591D6B65E04E50 /* Pods-JWAppIconUpdate_Example.release.xcconfig */ = {isa = PBXFileReference; includeInIndex = 1; lastKnownFileType = text.xcconfig; name = "Pods-JWAppIconUpdate_Example.release.xcconfig"; path = "Pods/Target Support Files/Pods-JWAppIconUpdate_Example/Pods-JWAppIconUpdate_Example.release.xcconfig"; sourceTree = "<group>"; };
		A361F49A5D50B01A626F7897 /* Pods-JWAppIconUpdate_Example.debug.xcconfig */ = {isa = PBXFileReference; includeInIndex = 1; lastKnownFileType = text.xcconfig; name = "Pods-JWAppIconUpdate_Example.debug.xcconfig"; path = "Pods/Target Support Files/Pods-JWAppIconUpdate_Example/Pods-JWAppIconUpdate_Example.debug.xcconfig"; sourceTree = "<group>"; };
		BAA05AE420244C1A00480F60 /* 20pt@3x 新年.png */ = {isa = PBXFileReference; lastKnownFileType = image.png; name = "20pt@3x 新年.png"; path = "../../../Desktop/未命名文件夹/20pt@3x 新年.png"; sourceTree = "<group>"; };
		BAA05AE520244C1A00480F60 /* 40pt@3x 新年.png */ = {isa = PBXFileReference; lastKnownFileType = image.png; name = "40pt@3x 新年.png"; path = "../../../Desktop/未命名文件夹/40pt@3x 新年.png"; sourceTree = "<group>"; };
		BAA05AE620244C1A00480F60 /* 29pt@1x 新年.png */ = {isa = PBXFileReference; lastKnownFileType = image.png; name = "29pt@1x 新年.png"; path = "../../../Desktop/未命名文件夹/29pt@1x 新年.png"; sourceTree = "<group>"; };
		BAA05AE720244C1A00480F60 /* 57pt@2x 新年.png */ = {isa = PBXFileReference; lastKnownFileType = image.png; name = "57pt@2x 新年.png"; path = "../../../Desktop/未命名文件夹/57pt@2x 新年.png"; sourceTree = "<group>"; };
		BAA05AE820244C1A00480F60 /* 29pt@2x 新年.png */ = {isa = PBXFileReference; lastKnownFileType = image.png; name = "29pt@2x 新年.png"; path = "../../../Desktop/未命名文件夹/29pt@2x 新年.png"; sourceTree = "<group>"; };
		BAA05AE920244C1A00480F60 /* 57pt@1x 新年.png */ = {isa = PBXFileReference; lastKnownFileType = image.png; name = "57pt@1x 新年.png"; path = "../../../Desktop/未命名文件夹/57pt@1x 新年.png"; sourceTree = "<group>"; };
		BAA05AEA20244C1A00480F60 /* 60pt@3x 新年.png */ = {isa = PBXFileReference; lastKnownFileType = image.png; name = "60pt@3x 新年.png"; path = "../../../Desktop/未命名文件夹/60pt@3x 新年.png"; sourceTree = "<group>"; };
		BAA05AEB20244C1A00480F60 /* 29pt@3x 新年.png */ = {isa = PBXFileReference; lastKnownFileType = image.png; name = "29pt@3x 新年.png"; path = "../../../Desktop/未命名文件夹/29pt@3x 新年.png"; sourceTree = "<group>"; };
		BAA05AEC20244C1A00480F60 /* 60pt@2x 新年.png */ = {isa = PBXFileReference; lastKnownFileType = image.png; name = "60pt@2x 新年.png"; path = "../../../Desktop/未命名文件夹/60pt@2x 新年.png"; sourceTree = "<group>"; };
		BAA05AED20244C1B00480F60 /* 20pt@2x 新年.png */ = {isa = PBXFileReference; lastKnownFileType = image.png; name = "20pt@2x 新年.png"; path = "../../../Desktop/未命名文件夹/20pt@2x 新年.png"; sourceTree = "<group>"; };
		CD2EA80111824DEDD044EB69 /* libPods-JWAppIconUpdate_Tests.a */ = {isa = PBXFileReference; explicitFileType = archive.ar; includeInIndex = 0; path = "libPods-JWAppIconUpdate_Tests.a"; sourceTree = BUILT_PRODUCTS_DIR; };
		D6528CF3C3B9CE8727BCD1A2 /* Pods-JWAppIconUpdate_Tests.release.xcconfig */ = {isa = PBXFileReference; includeInIndex = 1; lastKnownFileType = text.xcconfig; name = "Pods-JWAppIconUpdate_Tests.release.xcconfig"; path = "Pods/Target Support Files/Pods-JWAppIconUpdate_Tests/Pods-JWAppIconUpdate_Tests.release.xcconfig"; sourceTree = "<group>"; };
		F34E599C2C99746895F45E69 /* README.md */ = {isa = PBXFileReference; includeInIndex = 1; lastKnownFileType = net.daringfireball.markdown; name = README.md; path = ../README.md; sourceTree = "<group>"; };
/* End PBXFileReference section */

/* Begin PBXFrameworksBuildPhase section */
		6003F587195388D20070C39A /* Frameworks */ = {
			isa = PBXFrameworksBuildPhase;
			buildActionMask = 2147483647;
			files = (
				6003F590195388D20070C39A /* CoreGraphics.framework in Frameworks */,
				6003F592195388D20070C39A /* UIKit.framework in Frameworks */,
				6003F58E195388D20070C39A /* Foundation.framework in Frameworks */,
				4328AB608B369E83BC19E0CA /* libPods-JWAppIconUpdate_Example.a in Frameworks */,
			);
			runOnlyForDeploymentPostprocessing = 0;
		};
		6003F5AB195388D20070C39A /* Frameworks */ = {
			isa = PBXFrameworksBuildPhase;
			buildActionMask = 2147483647;
			files = (
				6003F5B0195388D20070C39A /* XCTest.framework in Frameworks */,
				6003F5B2195388D20070C39A /* UIKit.framework in Frameworks */,
				6003F5B1195388D20070C39A /* Foundation.framework in Frameworks */,
				1B8DFF40EA0AD26C632578EE /* libPods-JWAppIconUpdate_Tests.a in Frameworks */,
			);
			runOnlyForDeploymentPostprocessing = 0;
		};
/* End PBXFrameworksBuildPhase section */

/* Begin PBXGroup section */
		5549914A8C6270D20B926C3C /* Pods */ = {
			isa = PBXGroup;
			children = (
				A361F49A5D50B01A626F7897 /* Pods-JWAppIconUpdate_Example.debug.xcconfig */,
				948CB30901591D6B65E04E50 /* Pods-JWAppIconUpdate_Example.release.xcconfig */,
				6487394E7E4BF2C8E2AC1907 /* Pods-JWAppIconUpdate_Tests.debug.xcconfig */,
				D6528CF3C3B9CE8727BCD1A2 /* Pods-JWAppIconUpdate_Tests.release.xcconfig */,
			);
			name = Pods;
			sourceTree = "<group>";
		};
		6003F581195388D10070C39A = {
			isa = PBXGroup;
			children = (
				60FF7A9C1954A5C5007DD14C /* Podspec Metadata */,
				6003F593195388D20070C39A /* Example for JWAppIconUpdate */,
				6003F5B5195388D20070C39A /* Tests */,
				6003F58C195388D20070C39A /* Frameworks */,
				6003F58B195388D20070C39A /* Products */,
				5549914A8C6270D20B926C3C /* Pods */,
			);
			sourceTree = "<group>";
		};
		6003F58B195388D20070C39A /* Products */ = {
			isa = PBXGroup;
			children = (
				6003F58A195388D20070C39A /* JWAppIconUpdate_Example.app */,
				6003F5AE195388D20070C39A /* JWAppIconUpdate_Tests.xctest */,
			);
			name = Products;
			sourceTree = "<group>";
		};
		6003F58C195388D20070C39A /* Frameworks */ = {
			isa = PBXGroup;
			children = (
				6003F58D195388D20070C39A /* Foundation.framework */,
				6003F58F195388D20070C39A /* CoreGraphics.framework */,
				6003F591195388D20070C39A /* UIKit.framework */,
				6003F5AF195388D20070C39A /* XCTest.framework */,
				88E58429E0AD8DC2CF4561E1 /* libPods-JWAppIconUpdate_Example.a */,
				CD2EA80111824DEDD044EB69 /* libPods-JWAppIconUpdate_Tests.a */,
			);
			name = Frameworks;
			sourceTree = "<group>";
		};
		6003F593195388D20070C39A /* Example for JWAppIconUpdate */ = {
			isa = PBXGroup;
			children = (
				6003F59C195388D20070C39A /* JWAppDelegate.h */,
				6003F59D195388D20070C39A /* JWAppDelegate.m */,
				873B8AEA1B1F5CCA007FD442 /* Main.storyboard */,
				6003F5A5195388D20070C39A /* JWViewController.h */,
				6003F5A6195388D20070C39A /* JWViewController.m */,
				71719F9D1E33DC2100824A3D /* LaunchScreen.storyboard */,
				6003F5A8195388D20070C39A /* Images.xcassets */,
				6003F594195388D20070C39A /* Supporting Files */,
			);
			name = "Example for JWAppIconUpdate";
			path = JWAppIconUpdate;
			sourceTree = "<group>";
		};
		6003F594195388D20070C39A /* Supporting Files */ = {
			isa = PBXGroup;
			children = (
				BAA05AED20244C1B00480F60 /* 20pt@2x 新年.png */,
				BAA05AE420244C1A00480F60 /* 20pt@3x 新年.png */,
				BAA05AE620244C1A00480F60 /* 29pt@1x 新年.png */,
				BAA05AE820244C1A00480F60 /* 29pt@2x 新年.png */,
				BAA05AEB20244C1A00480F60 /* 29pt@3x 新年.png */,
				BAA05AE520244C1A00480F60 /* 40pt@3x 新年.png */,
				BAA05AE920244C1A00480F60 /* 57pt@1x 新年.png */,
				BAA05AE720244C1A00480F60 /* 57pt@2x 新年.png */,
				BAA05AEC20244C1A00480F60 /* 60pt@2x 新年.png */,
				BAA05AEA20244C1A00480F60 /* 60pt@3x 新年.png */,
				6003F595195388D20070C39A /* JWAppIconUpdate-Info.plist */,
				6003F596195388D20070C39A /* InfoPlist.strings */,
				6003F599195388D20070C39A /* main.m */,
				6003F59B195388D20070C39A /* JWAppIconUpdate-Prefix.pch */,
			);
			name = "Supporting Files";
			sourceTree = "<group>";
		};
		6003F5B5195388D20070C39A /* Tests */ = {
			isa = PBXGroup;
			children = (
				6003F5BB195388D20070C39A /* Tests.m */,
				6003F5B6195388D20070C39A /* Supporting Files */,
			);
			path = Tests;
			sourceTree = "<group>";
		};
		6003F5B6195388D20070C39A /* Supporting Files */ = {
			isa = PBXGroup;
			children = (
				6003F5B7195388D20070C39A /* Tests-Info.plist */,
				6003F5B8195388D20070C39A /* InfoPlist.strings */,
				606FC2411953D9B200FFA9A0 /* Tests-Prefix.pch */,
			);
			name = "Supporting Files";
			sourceTree = "<group>";
		};
		60FF7A9C1954A5C5007DD14C /* Podspec Metadata */ = {
			isa = PBXGroup;
			children = (
				2B8181CB32A98712F3E0851B /* JWAppIconUpdate.podspec */,
				F34E599C2C99746895F45E69 /* README.md */,
				33867BE99BE9230DFF905870 /* LICENSE */,
			);
			name = "Podspec Metadata";
			sourceTree = "<group>";
		};
/* End PBXGroup section */

/* Begin PBXNativeTarget section */
		6003F589195388D20070C39A /* JWAppIconUpdate_Example */ = {
			isa = PBXNativeTarget;
			buildConfigurationList = 6003F5BF195388D20070C39A /* Build configuration list for PBXNativeTarget "JWAppIconUpdate_Example" */;
			buildPhases = (
				60A6773B4FCABC2D9629196E /* [CP] Check Pods Manifest.lock */,
				6003F586195388D20070C39A /* Sources */,
				6003F587195388D20070C39A /* Frameworks */,
				6003F588195388D20070C39A /* Resources */,
				F6FAEB43C2B421F50F645383 /* [CP] Embed Pods Frameworks */,
				67BA9F71CAF406379B460D65 /* [CP] Copy Pods Resources */,
			);
			buildRules = (
			);
			dependencies = (
			);
			name = JWAppIconUpdate_Example;
			productName = JWAppIconUpdate;
			productReference = 6003F58A195388D20070C39A /* JWAppIconUpdate_Example.app */;
			productType = "com.apple.product-type.application";
		};
		6003F5AD195388D20070C39A /* JWAppIconUpdate_Tests */ = {
			isa = PBXNativeTarget;
			buildConfigurationList = 6003F5C2195388D20070C39A /* Build configuration list for PBXNativeTarget "JWAppIconUpdate_Tests" */;
			buildPhases = (
				AE1E517BC655AEA18257BAC6 /* [CP] Check Pods Manifest.lock */,
				6003F5AA195388D20070C39A /* Sources */,
				6003F5AB195388D20070C39A /* Frameworks */,
				6003F5AC195388D20070C39A /* Resources */,
				584D27BC20F79590BBF47B49 /* [CP] Embed Pods Frameworks */,
				E2633B6D4998AB8770E7EAF8 /* [CP] Copy Pods Resources */,
			);
			buildRules = (
			);
			dependencies = (
				6003F5B4195388D20070C39A /* PBXTargetDependency */,
			);
			name = JWAppIconUpdate_Tests;
			productName = JWAppIconUpdateTests;
			productReference = 6003F5AE195388D20070C39A /* JWAppIconUpdate_Tests.xctest */;
			productType = "com.apple.product-type.bundle.unit-test";
		};
/* End PBXNativeTarget section */

/* Begin PBXProject section */
		6003F582195388D10070C39A /* Project object */ = {
			isa = PBXProject;
			attributes = {
				CLASSPREFIX = JW;
				LastUpgradeCheck = 0720;
				ORGANIZATIONNAME = Justin.wang;
				TargetAttributes = {
					6003F5AD195388D20070C39A = {
						TestTargetID = 6003F589195388D20070C39A;
					};
				};
			};
			buildConfigurationList = 6003F585195388D10070C39A /* Build configuration list for PBXProject "JWAppIconUpdate" */;
			compatibilityVersion = "Xcode 3.2";
			developmentRegion = English;
			hasScannedForEncodings = 0;
			knownRegions = (
				en,
				Base,
			);
			mainGroup = 6003F581195388D10070C39A;
			productRefGroup = 6003F58B195388D20070C39A /* Products */;
			projectDirPath = "";
			projectRoot = "";
			targets = (
				6003F589195388D20070C39A /* JWAppIconUpdate_Example */,
				6003F5AD195388D20070C39A /* JWAppIconUpdate_Tests */,
			);
		};
/* End PBXProject section */

/* Begin PBXResourcesBuildPhase section */
		6003F588195388D20070C39A /* Resources */ = {
			isa = PBXResourcesBuildPhase;
			buildActionMask = 2147483647;
			files = (
				BAA05AF220244C1B00480F60 /* 29pt@2x 新年.png in Resources */,
				BAA05AF020244C1B00480F60 /* 29pt@1x 新年.png in Resources */,
				BAA05AEF20244C1B00480F60 /* 40pt@3x 新年.png in Resources */,
				BAA05AF520244C1B00480F60 /* 29pt@3x 新年.png in Resources */,
				873B8AEB1B1F5CCA007FD442 /* Main.storyboard in Resources */,
				BAA05AF320244C1B00480F60 /* 57pt@1x 新年.png in Resources */,
				71719F9F1E33DC2100824A3D /* LaunchScreen.storyboard in Resources */,
				6003F5A9195388D20070C39A /* Images.xcassets in Resources */,
				BAA05AF420244C1B00480F60 /* 60pt@3x 新年.png in Resources */,
				6003F598195388D20070C39A /* InfoPlist.strings in Resources */,
				BAA05AEE20244C1B00480F60 /* 20pt@3x 新年.png in Resources */,
				BAA05AF620244C1B00480F60 /* 60pt@2x 新年.png in Resources */,
				BAA05AF120244C1B00480F60 /* 57pt@2x 新年.png in Resources */,
				BAA05AF720244C1B00480F60 /* 20pt@2x 新年.png in Resources */,
			);
			runOnlyForDeploymentPostprocessing = 0;
		};
		6003F5AC195388D20070C39A /* Resources */ = {
			isa = PBXResourcesBuildPhase;
			buildActionMask = 2147483647;
			files = (
				6003F5BA195388D20070C39A /* InfoPlist.strings in Resources */,
			);
			runOnlyForDeploymentPostprocessing = 0;
		};
/* End PBXResourcesBuildPhase section */

/* Begin PBXShellScriptBuildPhase section */
		584D27BC20F79590BBF47B49 /* [CP] Embed Pods Frameworks */ = {
			isa = PBXShellScriptBuildPhase;
			buildActionMask = 2147483647;
			files = (
			);
			inputPaths = (
			);
			name = "[CP] Embed Pods Frameworks";
			outputPaths = (
			);
			runOnlyForDeploymentPostprocessing = 0;
			shellPath = /bin/sh;
			shellScript = "\"${SRCROOT}/Pods/Target Support Files/Pods-JWAppIconUpdate_Tests/Pods-JWAppIconUpdate_Tests-frameworks.sh\"\n";
			showEnvVarsInLog = 0;
		};
		60A6773B4FCABC2D9629196E /* [CP] Check Pods Manifest.lock */ = {
			isa = PBXShellScriptBuildPhase;
			buildActionMask = 2147483647;
			files = (
			);
			inputPaths = (
			);
			name = "[CP] Check Pods Manifest.lock";
			outputPaths = (
			);
			runOnlyForDeploymentPostprocessing = 0;
			shellPath = /bin/sh;
			shellScript = "diff \"${PODS_ROOT}/../Podfile.lock\" \"${PODS_ROOT}/Manifest.lock\" > /dev/null\nif [ $? != 0 ] ; then\n    # print error to STDERR\n    echo \"error: The sandbox is not in sync with the Podfile.lock. Run 'pod install' or update your CocoaPods installation.\" >&2\n    exit 1\nfi\n";
			showEnvVarsInLog = 0;
		};
		67BA9F71CAF406379B460D65 /* [CP] Copy Pods Resources */ = {
			isa = PBXShellScriptBuildPhase;
			buildActionMask = 2147483647;
			files = (
			);
			inputPaths = (
			);
			name = "[CP] Copy Pods Resources";
			outputPaths = (
			);
			runOnlyForDeploymentPostprocessing = 0;
			shellPath = /bin/sh;
			shellScript = "\"${SRCROOT}/Pods/Target Support Files/Pods-JWAppIconUpdate_Example/Pods-JWAppIconUpdate_Example-resources.sh\"\n";
			showEnvVarsInLog = 0;
		};
		AE1E517BC655AEA18257BAC6 /* [CP] Check Pods Manifest.lock */ = {
			isa = PBXShellScriptBuildPhase;
			buildActionMask = 2147483647;
			files = (
			);
			inputPaths = (
			);
			name = "[CP] Check Pods Manifest.lock";
			outputPaths = (
			);
			runOnlyForDeploymentPostprocessing = 0;
			shellPath = /bin/sh;
			shellScript = "diff \"${PODS_ROOT}/../Podfile.lock\" \"${PODS_ROOT}/Manifest.lock\" > /dev/null\nif [ $? != 0 ] ; then\n    # print error to STDERR\n    echo \"error: The sandbox is not in sync with the Podfile.lock. Run 'pod install' or update your CocoaPods installation.\" >&2\n    exit 1\nfi\n";
			showEnvVarsInLog = 0;
		};
		E2633B6D4998AB8770E7EAF8 /* [CP] Copy Pods Resources */ = {
			isa = PBXShellScriptBuildPhase;
			buildActionMask = 2147483647;
			files = (
			);
			inputPaths = (
			);
			name = "[CP] Copy Pods Resources";
			outputPaths = (
			);
			runOnlyForDeploymentPostprocessing = 0;
			shellPath = /bin/sh;
			shellScript = "\"${SRCROOT}/Pods/Target Support Files/Pods-JWAppIconUpdate_Tests/Pods-JWAppIconUpdate_Tests-resources.sh\"\n";
			showEnvVarsInLog = 0;
		};
		F6FAEB43C2B421F50F645383 /* [CP] Embed Pods Frameworks */ = {
			isa = PBXShellScriptBuildPhase;
			buildActionMask = 2147483647;
			files = (
			);
			inputPaths = (
			);
			name = "[CP] Embed Pods Frameworks";
			outputPaths = (
			);
			runOnlyForDeploymentPostprocessing = 0;
			shellPath = /bin/sh;
			shellScript = "\"${SRCROOT}/Pods/Target Support Files/Pods-JWAppIconUpdate_Example/Pods-JWAppIconUpdate_Example-frameworks.sh\"\n";
			showEnvVarsInLog = 0;
		};
/* End PBXShellScriptBuildPhase section */

/* Begin PBXSourcesBuildPhase section */
		6003F586195388D20070C39A /* Sources */ = {
			isa = PBXSourcesBuildPhase;
			buildActionMask = 2147483647;
			files = (
				6003F59E195388D20070C39A /* JWAppDelegate.m in Sources */,
				6003F5A7195388D20070C39A /* JWViewController.m in Sources */,
				6003F59A195388D20070C39A /* main.m in Sources */,
			);
			runOnlyForDeploymentPostprocessing = 0;
		};
		6003F5AA195388D20070C39A /* Sources */ = {
			isa = PBXSourcesBuildPhase;
			buildActionMask = 2147483647;
			files = (
				6003F5BC195388D20070C39A /* Tests.m in Sources */,
			);
			runOnlyForDeploymentPostprocessing = 0;
		};
/* End PBXSourcesBuildPhase section */

/* Begin PBXTargetDependency section */
		6003F5B4195388D20070C39A /* PBXTargetDependency */ = {
			isa = PBXTargetDependency;
			target = 6003F589195388D20070C39A /* JWAppIconUpdate_Example */;
			targetProxy = 6003F5B3195388D20070C39A /* PBXContainerItemProxy */;
		};
/* End PBXTargetDependency section */

/* Begin PBXVariantGroup section */
		6003F596195388D20070C39A /* InfoPlist.strings */ = {
			isa = PBXVariantGroup;
			children = (
				6003F597195388D20070C39A /* en */,
			);
			name = InfoPlist.strings;
			sourceTree = "<group>";
		};
		6003F5B8195388D20070C39A /* InfoPlist.strings */ = {
			isa = PBXVariantGroup;
			children = (
				6003F5B9195388D20070C39A /* en */,
			);
			name = InfoPlist.strings;
			sourceTree = "<group>";
		};
		71719F9D1E33DC2100824A3D /* LaunchScreen.storyboard */ = {
			isa = PBXVariantGroup;
			children = (
				71719F9E1E33DC2100824A3D /* Base */,
			);
			name = LaunchScreen.storyboard;
			sourceTree = "<group>";
		};
/* End PBXVariantGroup section */

/* Begin XCBuildConfiguration section */
		6003F5BD195388D20070C39A /* Debug */ = {
			isa = XCBuildConfiguration;
			buildSettings = {
				ALWAYS_SEARCH_USER_PATHS = NO;
				CLANG_CXX_LANGUAGE_STANDARD = "gnu++0x";
				CLANG_CXX_LIBRARY = "libc++";
				CLANG_ENABLE_MODULES = YES;
				CLANG_ENABLE_OBJC_ARC = YES;
				CLANG_WARN_BOOL_CONVERSION = YES;
				CLANG_WARN_CONSTANT_CONVERSION = YES;
				CLANG_WARN_DIRECT_OBJC_ISA_USAGE = YES_ERROR;
				CLANG_WARN_EMPTY_BODY = YES;
				CLANG_WARN_ENUM_CONVERSION = YES;
				CLANG_WARN_INT_CONVERSION = YES;
				CLANG_WARN_OBJC_ROOT_CLASS = YES_ERROR;
				CLANG_WARN__DUPLICATE_METHOD_MATCH = YES;
				"CODE_SIGN_IDENTITY[sdk=iphoneos*]" = "iPhone Developer";
				COPY_PHASE_STRIP = NO;
				ENABLE_TESTABILITY = YES;
				GCC_C_LANGUAGE_STANDARD = gnu99;
				GCC_DYNAMIC_NO_PIC = NO;
				GCC_OPTIMIZATION_LEVEL = 0;
				GCC_PREPROCESSOR_DEFINITIONS = (
					"DEBUG=1",
					"$(inherited)",
				);
				GCC_SYMBOLS_PRIVATE_EXTERN = NO;
				GCC_WARN_64_TO_32_BIT_CONVERSION = YES;
				GCC_WARN_ABOUT_RETURN_TYPE = YES_ERROR;
				GCC_WARN_UNDECLARED_SELECTOR = YES;
				GCC_WARN_UNINITIALIZED_AUTOS = YES_AGGRESSIVE;
				GCC_WARN_UNUSED_FUNCTION = YES;
				GCC_WARN_UNUSED_VARIABLE = YES;
				IPHONEOS_DEPLOYMENT_TARGET = 9.3;
				ONLY_ACTIVE_ARCH = YES;
				SDKROOT = iphoneos;
				TARGETED_DEVICE_FAMILY = "1,2";
			};
			name = Debug;
		};
		6003F5BE195388D20070C39A /* Release */ = {
			isa = XCBuildConfiguration;
			buildSettings = {
				ALWAYS_SEARCH_USER_PATHS = NO;
				CLANG_CXX_LANGUAGE_STANDARD = "gnu++0x";
				CLANG_CXX_LIBRARY = "libc++";
				CLANG_ENABLE_MODULES = YES;
				CLANG_ENABLE_OBJC_ARC = YES;
				CLANG_WARN_BOOL_CONVERSION = YES;
				CLANG_WARN_CONSTANT_CONVERSION = YES;
				CLANG_WARN_DIRECT_OBJC_ISA_USAGE = YES_ERROR;
				CLANG_WARN_EMPTY_BODY = YES;
				CLANG_WARN_ENUM_CONVERSION = YES;
				CLANG_WARN_INT_CONVERSION = YES;
				CLANG_WARN_OBJC_ROOT_CLASS = YES_ERROR;
				CLANG_WARN__DUPLICATE_METHOD_MATCH = YES;
				"CODE_SIGN_IDENTITY[sdk=iphoneos*]" = "iPhone Developer";
				COPY_PHASE_STRIP = YES;
				ENABLE_NS_ASSERTIONS = NO;
				GCC_C_LANGUAGE_STANDARD = gnu99;
				GCC_WARN_64_TO_32_BIT_CONVERSION = YES;
				GCC_WARN_ABOUT_RETURN_TYPE = YES_ERROR;
				GCC_WARN_UNDECLARED_SELECTOR = YES;
				GCC_WARN_UNINITIALIZED_AUTOS = YES_AGGRESSIVE;
				GCC_WARN_UNUSED_FUNCTION = YES;
				GCC_WARN_UNUSED_VARIABLE = YES;
				IPHONEOS_DEPLOYMENT_TARGET = 9.3;
				SDKROOT = iphoneos;
				TARGETED_DEVICE_FAMILY = "1,2";
				VALIDATE_PRODUCT = YES;
			};
			name = Release;
		};
		6003F5C0195388D20070C39A /* Debug */ = {
			isa = XCBuildConfiguration;
			baseConfigurationReference = A361F49A5D50B01A626F7897 /* Pods-JWAppIconUpdate_Example.debug.xcconfig */;
			buildSettings = {
				ASSETCATALOG_COMPILER_APPICON_NAME = AppIcon;
				GCC_PRECOMPILE_PREFIX_HEADER = YES;
				GCC_PREFIX_HEADER = "JWAppIconUpdate/JWAppIconUpdate-Prefix.pch";
				INFOPLIST_FILE = "JWAppIconUpdate/JWAppIconUpdate-Info.plist";
				MODULE_NAME = ExampleApp;
				PRODUCT_BUNDLE_IDENTIFIER = "org.cocoapods.demo.${PRODUCT_NAME:rfc1034identifier}";
				PRODUCT_NAME = "$(TARGET_NAME)";
				WRAPPER_EXTENSION = app;
			};
			name = Debug;
		};
		6003F5C1195388D20070C39A /* Release */ = {
			isa = XCBuildConfiguration;
			baseConfigurationReference = 948CB30901591D6B65E04E50 /* Pods-JWAppIconUpdate_Example.release.xcconfig */;
			buildSettings = {
				ASSETCATALOG_COMPILER_APPICON_NAME = AppIcon;
				GCC_PRECOMPILE_PREFIX_HEADER = YES;
				GCC_PREFIX_HEADER = "JWAppIconUpdate/JWAppIconUpdate-Prefix.pch";
				INFOPLIST_FILE = "JWAppIconUpdate/JWAppIconUpdate-Info.plist";
				MODULE_NAME = ExampleApp;
				PRODUCT_BUNDLE_IDENTIFIER = "org.cocoapods.demo.${PRODUCT_NAME:rfc1034identifier}";
				PRODUCT_NAME = "$(TARGET_NAME)";
				WRAPPER_EXTENSION = app;
			};
			name = Release;
		};
		6003F5C3195388D20070C39A /* Debug */ = {
			isa = XCBuildConfiguration;
			baseConfigurationReference = 6487394E7E4BF2C8E2AC1907 /* Pods-JWAppIconUpdate_Tests.debug.xcconfig */;
			buildSettings = {
				BUNDLE_LOADER = "$(TEST_HOST)";
				FRAMEWORK_SEARCH_PATHS = (
					"$(SDKROOT)/Developer/Library/Frameworks",
					"$(inherited)",
					"$(DEVELOPER_FRAMEWORKS_DIR)",
				);
				GCC_PRECOMPILE_PREFIX_HEADER = YES;
				GCC_PREFIX_HEADER = "Tests/Tests-Prefix.pch";
				GCC_PREPROCESSOR_DEFINITIONS = (
					"DEBUG=1",
					"$(inherited)",
				);
				INFOPLIST_FILE = "Tests/Tests-Info.plist";
				PRODUCT_BUNDLE_IDENTIFIER = "org.cocoapods.demo.${PRODUCT_NAME:rfc1034identifier}";
				PRODUCT_NAME = "$(TARGET_NAME)";
				TEST_HOST = "$(BUILT_PRODUCTS_DIR)/JWAppIconUpdate_Example.app/JWAppIconUpdate_Example";
				WRAPPER_EXTENSION = xctest;
			};
			name = Debug;
		};
		6003F5C4195388D20070C39A /* Release */ = {
			isa = XCBuildConfiguration;
			baseConfigurationReference = D6528CF3C3B9CE8727BCD1A2 /* Pods-JWAppIconUpdate_Tests.release.xcconfig */;
			buildSettings = {
				BUNDLE_LOADER = "$(TEST_HOST)";
				FRAMEWORK_SEARCH_PATHS = (
					"$(SDKROOT)/Developer/Library/Frameworks",
					"$(inherited)",
					"$(DEVELOPER_FRAMEWORKS_DIR)",
				);
				GCC_PRECOMPILE_PREFIX_HEADER = YES;
				GCC_PREFIX_HEADER = "Tests/Tests-Prefix.pch";
				INFOPLIST_FILE = "Tests/Tests-Info.plist";
				PRODUCT_BUNDLE_IDENTIFIER = "org.cocoapods.demo.${PRODUCT_NAME:rfc1034identifier}";
				PRODUCT_NAME = "$(TARGET_NAME)";
				TEST_HOST = "$(BUILT_PRODUCTS_DIR)/JWAppIconUpdate_Example.app/JWAppIconUpdate_Example";
				WRAPPER_EXTENSION = xctest;
			};
			name = Release;
		};
/* End XCBuildConfiguration section */

/* Begin XCConfigurationList section */
		6003F585195388D10070C39A /* Build configuration list for PBXProject "JWAppIconUpdate" */ = {
			isa = XCConfigurationList;
			buildConfigurations = (
				6003F5BD195388D20070C39A /* Debug */,
				6003F5BE195388D20070C39A /* Release */,
			);
			defaultConfigurationIsVisible = 0;
			defaultConfigurationName = Release;
		};
		6003F5BF195388D20070C39A /* Build configuration list for PBXNativeTarget "JWAppIconUpdate_Example" */ = {
			isa = XCConfigurationList;
			buildConfigurations = (
				6003F5C0195388D20070C39A /* Debug */,
				6003F5C1195388D20070C39A /* Release */,
			);
			defaultConfigurationIsVisible = 0;
			defaultConfigurationName = Release;
		};
		6003F5C2195388D20070C39A /* Build configuration list for PBXNativeTarget "JWAppIconUpdate_Tests" */ = {
			isa = XCConfigurationList;
			buildConfigurations = (
				6003F5C3195388D20070C39A /* Debug */,
				6003F5C4195388D20070C39A /* Release */,
			);
			defaultConfigurationIsVisible = 0;
			defaultConfigurationName = Release;
		};
/* End XCConfigurationList section */
	};
	rootObject = 6003F582195388D10070C39A /* Project object */;
}
